
Microsoft Visual Studio Solution File, Format Version 12.00
# Visual Studio Version 16
VisualStudioVersion = 25.0.1703.5
MinimumVisualStudioVersion = 10.0.40219.1
Project("{FAE04EC0-301F-11D3-BF4B-00C04F79EFBC}") = "Application", "Application\Application.csproj", "{374B88F6-3A7C-41E9-BE7B-E6C3D2DE0250}"
EndProject
Global
	GlobalSection(SolutionConfigurationPlatforms) = preSolution
		Debug|Any CPU = Debug|Any CPU
		Release|Any CPU = Release|Any CPU
	EndGlobalSection
	GlobalSection(ProjectConfigurationPlatforms) = postSolution
		{374B88F6-3A7C-41E9-BE7B-E6C3D2DE0250}.Debug|Any CPU.ActiveCfg = Debug|Any CPU
		{374B88F6-3A7C-41E9-BE7B-E6C3D2DE0250}.Debug|Any CPU.Build.0 = Debug|Any CPU
		{374B88F6-3A7C-41E9-BE7B-E6C3D2DE0250}.Release|Any CPU.ActiveCfg = Release|Any CPU
		{374B88F6-3A7C-41E9-BE7B-E6C3D2DE0250}.Release|Any CPU.Build.0 = Release|Any CPU
	EndGlobalSection
	GlobalSection(SolutionProperties) = preSolution
		HideSolutionNode = FALSE
	EndGlobalSection
	GlobalSection(ExtensibilityGlobals) = postSolution
		SolutionGuid = {8C3C76DD-47A4-474B-BF13-EB1792131C3B}
	EndGlobalSection
EndGlobal
